
Microsoft Visual Studio Solution File, Format Version 12.00
# Visual Studio 14
VisualStudioVersion = 14.0.25420.1
MinimumVisualStudioVersion = 10.0.40219.1
Project("{FAE04EC0-301F-11D3-BF4B-00C04F79EFBC}") = "WindowsFormsApplication4", "WindowsFormsApplication4\WindowsFormsApplication4.csproj", "{59D245A0-0900-4DA4-AC35-32AD5BE18258}"
EndProject
Global
	GlobalSection(SolutionConfigurationPlatforms) = preSolution
		Debug|Any CPU = Debug|Any CPU
		Release|Any CPU = Release|Any CPU
	EndGlobalSection
	GlobalSection(ProjectConfigurationPlatforms) = postSolution
		{59D245A0-0900-4DA4-AC35-32AD5BE18258}.Debug|Any CPU.ActiveCfg = Debug|Any CPU
		{59D245A0-0900-4DA4-AC35-32AD5BE18258}.Debug|Any CPU.Build.0 = Debug|Any CPU
		{59D245A0-0900-4DA4-AC35-32AD5BE18258}.Release|Any CPU.ActiveCfg = Release|Any CPU
		{59D245A0-0900-4DA4-AC35-32AD5BE18258}.Release|Any CPU.Build.0 = Release|Any CPU
	EndGlobalSection
	GlobalSection(SolutionProperties) = preSolution
		HideSolutionNode = FALSE
	EndGlobalSection
EndGlobal
